<Solution>
  <Folder Name="/CQRS/">
    <Project Path="Demo.WebAPI/Demo.WebAPI.csproj" Id="f57775a7-801c-4349-9e98-32d4ea3f7842" />
  </Folder>
  <Folder Name="/EventSourcing/">
    <Project Path="EventSourcing/EventSourcing.csproj" Id="ab8e85ba-24f9-402d-9976-8bf3e751ab80" />
  </Folder>
  <Folder Name="/Prompt_Engineering/">
    <File Path="LAB_003.md" />
    <Project Path="Badword_Filter.Test/Badword_Filter.Test.csproj" />
    <Project Path="Badword_Filter/Badword_Filter.csproj" />
  </Folder>
  <Folder Name="/Solution Items/">
    <File Path="README.md" />
  </Folder>
  <Folder Name="/WEGManagement/">
    <File Path="SPEC.md" />
    <Project Path="WEGManagement.Domain/WEGManagement.Domain.csproj" Id="c0019ccd-1c0d-401a-a50d-80a400cd6b55" />
    <Project Path="WEGManagement.Infrastructure/WEGManagement.Infrastructure.csproj" Id="bb82436e-3241-46b5-9a23-d4885ff68224" />
    <Project Path="WEGManagement.WebApi/WEGManagement.WebApi.csproj" Id="99fde50b-2854-4f9d-9d1a-c57b71eb8791" />
  </Folder>
</Solution>
