<Solution>
  <Folder Name="/EventSourcing/">
    <Project Path="EventSourcing/EventSourcing.csproj" Id="ab8e85ba-24f9-402d-9976-8bf3e751ab80" />
  </Folder>
  <Folder Name="/Prompt_Engineering/">
    <File Path="LAB_003.md" />
    <Project Path="Badword_Filter.Test/Badword_Filter.Test.csproj" />
    <Project Path="Badword_Filter/Badword_Filter.csproj" />
  </Folder>
  <Folder Name="/Solution Items/">
    <File Path="README.md" />
  </Folder>
</Solution>
